
Microsoft Visual Studio Solution File, Format Version 12.00
# Visual Studio Version 16
VisualStudioVersion = 16.0.29911.84
MinimumVisualStudioVersion = 10.0.40219.1
Project("{FAE04EC0-301F-11D3-BF4B-00C04F79EFBC}") = "ItAcademy.HomeWork.NumberOne.Test", "ItAcademy.HomeWork.NumberOne.Test.csproj", "{80DAB805-C201-4FA1-B89D-8A43E3B17E93}"
EndProject
Global
	GlobalSection(SolutionConfigurationPlatforms) = preSolution
		Debug|Any CPU = Debug|Any CPU
		Release|Any CPU = Release|Any CPU
	EndGlobalSection
	GlobalSection(ProjectConfigurationPlatforms) = postSolution
		{80DAB805-C201-4FA1-B89D-8A43E3B17E93}.Debug|Any CPU.ActiveCfg = Debug|Any CPU
		{80DAB805-C201-4FA1-B89D-8A43E3B17E93}.Debug|Any CPU.Build.0 = Debug|Any CPU
		{80DAB805-C201-4FA1-B89D-8A43E3B17E93}.Release|Any CPU.ActiveCfg = Release|Any CPU
		{80DAB805-C201-4FA1-B89D-8A43E3B17E93}.Release|Any CPU.Build.0 = Release|Any CPU
	EndGlobalSection
	GlobalSection(SolutionProperties) = preSolution
		HideSolutionNode = FALSE
	EndGlobalSection
	GlobalSection(ExtensibilityGlobals) = postSolution
		SolutionGuid = {DB1E1352-C58A-4252-87D5-3BDAE8C6A1EA}
	EndGlobalSection
EndGlobal
